
Microsoft Visual Studio Solution File, Format Version 12.00
# Visual Studio 15
VisualStudioVersion = 15.0.28307.106
MinimumVisualStudioVersion = 10.0.40219.1
Project("{FAE04EC0-301F-11D3-BF4B-00C04F79EFBC}") = "Exercícios POO - Básico", "Exercícios POO - Básico\Exercícios POO - Básico.csproj", "{8B2D1AE4-4A36-4735-B839-0DDD019055C9}"
EndProject
Global
	GlobalSection(SolutionConfigurationPlatforms) = preSolution
		Debug|Any CPU = Debug|Any CPU
		Release|Any CPU = Release|Any CPU
	EndGlobalSection
	GlobalSection(ProjectConfigurationPlatforms) = postSolution
		{8B2D1AE4-4A36-4735-B839-0DDD019055C9}.Debug|Any CPU.ActiveCfg = Debug|Any CPU
		{8B2D1AE4-4A36-4735-B839-0DDD019055C9}.Debug|Any CPU.Build.0 = Debug|Any CPU
		{8B2D1AE4-4A36-4735-B839-0DDD019055C9}.Release|Any CPU.ActiveCfg = Release|Any CPU
		{8B2D1AE4-4A36-4735-B839-0DDD019055C9}.Release|Any CPU.Build.0 = Release|Any CPU
	EndGlobalSection
	GlobalSection(SolutionProperties) = preSolution
		HideSolutionNode = FALSE
	EndGlobalSection
	GlobalSection(ExtensibilityGlobals) = postSolution
		SolutionGuid = {0540B587-E0DD-47E1-9790-B972FC7B310A}
	EndGlobalSection
EndGlobal
