
Microsoft Visual Studio Solution File, Format Version 12.00
# Visual Studio 15
VisualStudioVersion = 15.0.28307.106
MinimumVisualStudioVersion = 10.0.40219.1
Project("{FAE04EC0-301F-11D3-BF4B-00C04F79EFBC}") = "Estudo de Geração Automática de Classes", "Estudo de Geração Automática de Classes\Estudo de Geração Automática de Classes.csproj", "{CCCDC18C-8108-4DFA-8F09-A4CB19135A80}"
EndProject
Global
	GlobalSection(SolutionConfigurationPlatforms) = preSolution
		Debug|Any CPU = Debug|Any CPU
		Release|Any CPU = Release|Any CPU
	EndGlobalSection
	GlobalSection(ProjectConfigurationPlatforms) = postSolution
		{CCCDC18C-8108-4DFA-8F09-A4CB19135A80}.Debug|Any CPU.ActiveCfg = Debug|Any CPU
		{CCCDC18C-8108-4DFA-8F09-A4CB19135A80}.Debug|Any CPU.Build.0 = Debug|Any CPU
		{CCCDC18C-8108-4DFA-8F09-A4CB19135A80}.Release|Any CPU.ActiveCfg = Release|Any CPU
		{CCCDC18C-8108-4DFA-8F09-A4CB19135A80}.Release|Any CPU.Build.0 = Release|Any CPU
	EndGlobalSection
	GlobalSection(SolutionProperties) = preSolution
		HideSolutionNode = FALSE
	EndGlobalSection
	GlobalSection(ExtensibilityGlobals) = postSolution
		SolutionGuid = {2B18EFBC-ADBE-4B6A-8DE8-B972AA7F814D}
	EndGlobalSection
EndGlobal
